
Microsoft Visual Studio Solution File, Format Version 12.00
# Visual Studio Version 17
VisualStudioVersion = 17.1.32421.90
MinimumVisualStudioVersion = 10.0.40219.1
Project("{FAE04EC0-301F-11D3-BF4B-00C04F79EFBC}") = "ChatterAPI", "ChatterAPI\ChatterAPI.csproj", "{135A4C41-15D4-43B5-AC00-FFB4919BCF86}"
EndProject
Global
	GlobalSection(SolutionConfigurationPlatforms) = preSolution
		Debug|Any CPU = Debug|Any CPU
		Release|Any CPU = Release|Any CPU
	EndGlobalSection
	GlobalSection(ProjectConfigurationPlatforms) = postSolution
		{135A4C41-15D4-43B5-AC00-FFB4919BCF86}.Debug|Any CPU.ActiveCfg = Debug|Any CPU
		{135A4C41-15D4-43B5-AC00-FFB4919BCF86}.Debug|Any CPU.Build.0 = Debug|Any CPU
		{135A4C41-15D4-43B5-AC00-FFB4919BCF86}.Release|Any CPU.ActiveCfg = Release|Any CPU
		{135A4C41-15D4-43B5-AC00-FFB4919BCF86}.Release|Any CPU.Build.0 = Release|Any CPU
	EndGlobalSection
	GlobalSection(SolutionProperties) = preSolution
		HideSolutionNode = FALSE
	EndGlobalSection
	GlobalSection(ExtensibilityGlobals) = postSolution
		SolutionGuid = {0E79F78D-F2A9-4FC2-85A6-42EDFD674753}
	EndGlobalSection
EndGlobal
